
Microsoft Visual Studio Solution File, Format Version 12.00
# Visual Studio Version 16
VisualStudioVersion = 16.0.30523.141
MinimumVisualStudioVersion = 10.0.40219.1
Project("{FAE04EC0-301F-11D3-BF4B-00C04F79EFBC}") = "FELM", "FELM\FELM.csproj", "{3E68C156-E647-48EC-A9E8-7740CFAEC45B}"
EndProject
Global
	GlobalSection(SolutionConfigurationPlatforms) = preSolution
		Debug|Any CPU = Debug|Any CPU
		Release|Any CPU = Release|Any CPU
	EndGlobalSection
	GlobalSection(ProjectConfigurationPlatforms) = postSolution
		{3E68C156-E647-48EC-A9E8-7740CFAEC45B}.Debug|Any CPU.ActiveCfg = Debug|Any CPU
		{3E68C156-E647-48EC-A9E8-7740CFAEC45B}.Debug|Any CPU.Build.0 = Debug|Any CPU
		{3E68C156-E647-48EC-A9E8-7740CFAEC45B}.Release|Any CPU.ActiveCfg = Release|Any CPU
		{3E68C156-E647-48EC-A9E8-7740CFAEC45B}.Release|Any CPU.Build.0 = Release|Any CPU
	EndGlobalSection
	GlobalSection(SolutionProperties) = preSolution
		HideSolutionNode = FALSE
	EndGlobalSection
	GlobalSection(ExtensibilityGlobals) = postSolution
		SolutionGuid = {E5547A39-B199-4895-987D-92CEEC7DD134}
	EndGlobalSection
EndGlobal
